
Microsoft Visual Studio Solution File, Format Version 12.00
# Visual Studio Version 17
VisualStudioVersion = 17.3.32929.385
MinimumVisualStudioVersion = 10.0.40219.1
Project("{FAE04EC0-301F-11D3-BF4B-00C04F79EFBC}") = "Prueba_Logica", "Prueba_Logica\Prueba_Logica.csproj", "{2CFD13CA-E730-4292-B741-4FD962AAA45C}"
EndProject
Global
	GlobalSection(SolutionConfigurationPlatforms) = preSolution
		Debug|Any CPU = Debug|Any CPU
		Release|Any CPU = Release|Any CPU
	EndGlobalSection
	GlobalSection(ProjectConfigurationPlatforms) = postSolution
		{2CFD13CA-E730-4292-B741-4FD962AAA45C}.Debug|Any CPU.ActiveCfg = Debug|Any CPU
		{2CFD13CA-E730-4292-B741-4FD962AAA45C}.Debug|Any CPU.Build.0 = Debug|Any CPU
		{2CFD13CA-E730-4292-B741-4FD962AAA45C}.Release|Any CPU.ActiveCfg = Release|Any CPU
		{2CFD13CA-E730-4292-B741-4FD962AAA45C}.Release|Any CPU.Build.0 = Release|Any CPU
	EndGlobalSection
	GlobalSection(SolutionProperties) = preSolution
		HideSolutionNode = FALSE
	EndGlobalSection
	GlobalSection(ExtensibilityGlobals) = postSolution
		SolutionGuid = {BC8D4B88-9A76-4AFB-BB0F-EBB140C91479}
	EndGlobalSection
EndGlobal
